<?xml version="1.0" encoding="utf-8"?>
<Project ToolsVersion="4.0" xmlns="http://schemas.microsoft.com/developer/msbuild/2003">
  <ItemGroup>
    <Filter Include="리소스 파일">
      <UniqueIdentifier>{67DA6AB6-F800-4c08-8B7A-83BB121AAD01}</UniqueIdentifier>
      <Extensions>rc;ico;cur;bmp;dlg;rc2;rct;bin;rgs;gif;jpg;jpeg;jpe;resx;tiff;tif;png;wav;mfcribbon-ms</Extensions>
    </Filter>
    <Filter Include="99. Default">
      <UniqueIdentifier>{7c4e5225-13ea-49e4-98f1-8c4bb0ec79b0}</UniqueIdentifier>
    </Filter>
    <Filter Include="98. Header">
      <UniqueIdentifier>{829224a2-56a1-4233-87d0-f9eba7e14937}</UniqueIdentifier>
    </Filter>
    <Filter Include="00. App">
      <UniqueIdentifier>{ab857542-660f-45ae-bd6e-5df33e8b2e03}</UniqueIdentifier>
    </Filter>
    <Filter Include="00. Doc">
      <UniqueIdentifier>{94c7866c-0654-4759-98d5-17a8442c9249}</UniqueIdentifier>
    </Filter>
    <Filter Include="00. Frame">
      <UniqueIdentifier>{a86b2cb4-6a85-44fa-81e0-73ec4e30a78e}</UniqueIdentifier>
    </Filter>
    <Filter Include="01. Tool3D_Kernel">
      <UniqueIdentifier>{89d62d50-c61a-431f-ae52-2c7cfb09a583}</UniqueIdentifier>
    </Filter>
    <Filter Include="02. Scene">
      <UniqueIdentifier>{91e1f47f-24b2-40ff-b9f6-acc3e7331feb}</UniqueIdentifier>
    </Filter>
    <Filter Include="02. Scene\00. LoadScene">
      <UniqueIdentifier>{b0803a52-d2f9-4a6b-ab4b-1c5287ad44f1}</UniqueIdentifier>
    </Filter>
    <Filter Include="02. Scene\01. EditScene">
      <UniqueIdentifier>{bfb5255f-135a-40dd-afb7-64519521b41b}</UniqueIdentifier>
    </Filter>
    <Filter Include="02. Scene\00. LoadScene\Public">
      <UniqueIdentifier>{fe48aceb-82a2-47b8-ad39-c040aa7646bc}</UniqueIdentifier>
    </Filter>
    <Filter Include="00. View%28Workspace%29">
      <UniqueIdentifier>{720016ac-38b6-42d2-89c2-2c6c045a196b}</UniqueIdentifier>
    </Filter>
    <Filter Include="00. View%28Workspace%29\Form">
      <UniqueIdentifier>{4a4f5570-8094-4d32-a973-ba1009740b75}</UniqueIdentifier>
    </Filter>
    <Filter Include="00. View%28Workspace%29\Sheet">
      <UniqueIdentifier>{f9bc4cfc-a0d0-47e3-9a1a-3179187731d8}</UniqueIdentifier>
    </Filter>
    <Filter Include="00. View%28Workspace%29\Page">
      <UniqueIdentifier>{694c8730-e3f4-4843-9b06-563341a33594}</UniqueIdentifier>
    </Filter>
    <Filter Include="04. Object">
      <UniqueIdentifier>{8346a18a-acad-4632-b0b2-83273dcf8ac0}</UniqueIdentifier>
    </Filter>
    <Filter Include="04. Object\Terrain">
      <UniqueIdentifier>{15b06d01-083c-4a6a-8024-8d0dfc79131d}</UniqueIdentifier>
    </Filter>
    <Filter Include="04. Object\DynamicCamera">
      <UniqueIdentifier>{fdfc7e93-bfb2-41bf-82be-2259b4bdce9d}</UniqueIdentifier>
    </Filter>
    <Filter Include="00. View%28Workspace%29\Tab">
      <UniqueIdentifier>{eb57a8ab-93e3-4f3e-96a5-c997acc79892}</UniqueIdentifier>
    </Filter>
    <Filter Include="04. Object\NaviMesh">
      <UniqueIdentifier>{ec2e0422-ce6f-48d2-b2d9-d29be1a96315}</UniqueIdentifier>
    </Filter>
    <Filter Include="04. Object\NaviMeshVtxCtrl">
      <UniqueIdentifier>{10b4d8df-5edd-4efb-bb8e-7c49d8921f43}</UniqueIdentifier>
    </Filter>
    <Filter Include="04. Object\PointObject">
      <UniqueIdentifier>{db149def-e233-47f3-ba3a-735281f31cfb}</UniqueIdentifier>
    </Filter>
    <Filter Include="04. Object\InputProcessor">
      <UniqueIdentifier>{88243d0a-79f1-4b99-88d4-3c958f227e30}</UniqueIdentifier>
    </Filter>
    <Filter Include="04. Object\NaviMeshVtxMover">
      <UniqueIdentifier>{93ab7ba6-b1f5-4264-98d1-cb7d59331443}</UniqueIdentifier>
    </Filter>
    <Filter Include="03. InputProcessor">
      <UniqueIdentifier>{bbe7685e-f8e8-4095-93b7-c2c8a6c43ee3}</UniqueIdentifier>
    </Filter>
    <Filter Include="04. Object\StaticObject">
      <UniqueIdentifier>{b4ee601a-6721-4fa3-adeb-c6e6c5fbce4f}</UniqueIdentifier>
    </Filter>
    <Filter Include="04. Object\Gizmo">
      <UniqueIdentifier>{d40701dd-7645-4739-a459-5b8f27deb3a5}</UniqueIdentifier>
    </Filter>
    <Filter Include="04. Object\DynamicObject">
      <UniqueIdentifier>{d45c0c64-b55f-4f6f-8364-28f885e4812f}</UniqueIdentifier>
    </Filter>
    <Filter Include="00. View%28Workspace%29\Tab\ColTab">
      <UniqueIdentifier>{f1e85b37-946e-4a6d-8263-cc9c845df9d3}</UniqueIdentifier>
    </Filter>
    <Filter Include="02. Scene\02. ColliderScene">
      <UniqueIdentifier>{c8ed9b50-9fd8-4a87-b753-619e7a3a3c99}</UniqueIdentifier>
    </Filter>
    <Filter Include="04. Object\Trigger">
      <UniqueIdentifier>{3b06eb96-967d-4362-9555-3e24bd28939a}</UniqueIdentifier>
    </Filter>
  </ItemGroup>
  <ItemGroup>
    <ClInclude Include="MainFrm.h">
      <Filter>00. Frame</Filter>
    </ClInclude>
    <ClInclude Include="Tool_3DDoc.h">
      <Filter>00. Doc</Filter>
    </ClInclude>
    <ClInclude Include="Tool_3DView.h">
      <Filter>00. View%28Workspace%29</Filter>
    </ClInclude>
    <ClInclude Include="Tool_3D.h">
      <Filter>00. App</Filter>
    </ClInclude>
    <ClInclude Include="framework.h">
      <Filter>99. Default</Filter>
    </ClInclude>
    <ClInclude Include="Resource.h">
      <Filter>99. Default</Filter>
    </ClInclude>
    <ClInclude Include="targetver.h">
      <Filter>99. Default</Filter>
    </ClInclude>
    <ClInclude Include="pch.h">
      <Filter>99. Default</Filter>
    </ClInclude>
    <ClInclude Include="..\Code\Tool3D_Kernel.h">
      <Filter>01. Tool3D_Kernel</Filter>
    </ClInclude>
    <ClInclude Include="..\Header\Define.h">
      <Filter>98. Header</Filter>
    </ClInclude>
    <ClInclude Include="..\Header\Enum.h">
      <Filter>98. Header</Filter>
    </ClInclude>
    <ClInclude Include="..\Header\Function.h">
      <Filter>98. Header</Filter>
    </ClInclude>
    <ClInclude Include="..\Header\Macro.h">
      <Filter>98. Header</Filter>
    </ClInclude>
    <ClInclude Include="..\Header\sjhD3DXFunction.h">
      <Filter>98. Header</Filter>
    </ClInclude>
    <ClInclude Include="..\Header\Struct.h">
      <Filter>98. Header</Filter>
    </ClInclude>
    <ClInclude Include="..\Header\Typedef.h">
      <Filter>98. Header</Filter>
    </ClInclude>
    <ClInclude Include="..\Code\Terrain.h">
      <Filter>04. Object\Terrain</Filter>
    </ClInclude>
    <ClInclude Include="..\Code\DynamicCamera.h">
      <Filter>04. Object\DynamicCamera</Filter>
    </ClInclude>
    <ClInclude Include="..\Code\EditScene.h">
      <Filter>02. Scene\01. EditScene</Filter>
    </ClInclude>
    <ClInclude Include="..\Code\Loading.h">
      <Filter>02. Scene\00. LoadScene\Public</Filter>
    </ClInclude>
    <ClInclude Include="..\Code\LoadScene.h">
      <Filter>02. Scene\00. LoadScene</Filter>
    </ClInclude>
    <ClInclude Include="..\Code\CEmptyForm.h">
      <Filter>00. View%28Workspace%29\Form</Filter>
    </ClInclude>
    <ClInclude Include="..\Code\CForm.h">
      <Filter>00. View%28Workspace%29\Form</Filter>
    </ClInclude>
    <ClInclude Include="..\Code\CMeshPage.h">
      <Filter>00. View%28Workspace%29\Page</Filter>
    </ClInclude>
    <ClInclude Include="..\Code\CTerrainPage.h">
      <Filter>00. View%28Workspace%29\Page</Filter>
    </ClInclude>
    <ClInclude Include="..\Code\Sheet.h">
      <Filter>00. View%28Workspace%29\Sheet</Filter>
    </ClInclude>
    <ClInclude Include="..\Code\CTerrainTab.h">
      <Filter>00. View%28Workspace%29\Tab</Filter>
    </ClInclude>
    <ClInclude Include="..\Code\CTabForm.h">
      <Filter>00. View%28Workspace%29\Form</Filter>
    </ClInclude>
    <ClInclude Include="..\Code\CNaviMeshTab.h">
      <Filter>00. View%28Workspace%29\Tab</Filter>
    </ClInclude>
    <ClInclude Include="..\Code\PointObject.h">
      <Filter>04. Object\PointObject</Filter>
    </ClInclude>
    <ClInclude Include="..\Code\NaviMeshVtxCtrl.h">
      <Filter>04. Object\NaviMeshVtxCtrl</Filter>
    </ClInclude>
    <ClInclude Include="..\Code\CMapTab.h">
      <Filter>00. View%28Workspace%29\Tab</Filter>
    </ClInclude>
    <ClInclude Include="..\Code\InputMode_Navi.h">
      <Filter>03. InputProcessor</Filter>
    </ClInclude>
    <ClInclude Include="..\Code\NaviMeshInputProcessor.h">
      <Filter>04. Object\InputProcessor</Filter>
    </ClInclude>
    <ClInclude Include="..\Code\InputProcessor_Navi.h">
      <Filter>03. InputProcessor</Filter>
    </ClInclude>
    <ClInclude Include="..\Code\NaviMeshVtxMover.h">
      <Filter>04. Object\NaviMeshVtxMover</Filter>
    </ClInclude>
    <ClInclude Include="..\Code\InputProcessor_Terrain.h">
      <Filter>03. InputProcessor</Filter>
    </ClInclude>
    <ClInclude Include="..\Code\InputProcessor_Map.h">
      <Filter>03. InputProcessor</Filter>
    </ClInclude>
    <ClInclude Include="..\Code\StaticObject.h">
      <Filter>04. Object\StaticObject</Filter>
    </ClInclude>
    <ClInclude Include="..\Code\Gizmo.h">
      <Filter>04. Object\Gizmo</Filter>
    </ClInclude>
    <ClInclude Include="..\Code\NaviMesh.h">
      <Filter>04. Object\NaviMesh</Filter>
    </ClInclude>
    <ClInclude Include="..\Code\CColliderTab.h">
      <Filter>00. View%28Workspace%29\Tab</Filter>
    </ClInclude>
    <ClInclude Include="..\Code\InputProcessor_Collider.h">
      <Filter>03. InputProcessor</Filter>
    </ClInclude>
    <ClInclude Include="..\Code\DynamicObject.h">
      <Filter>04. Object\DynamicObject</Filter>
    </ClInclude>
    <ClInclude Include="CSphereColTab.h">
      <Filter>00. View%28Workspace%29\Tab\ColTab</Filter>
    </ClInclude>
    <ClInclude Include="CAABBColTab.h">
      <Filter>00. View%28Workspace%29\Tab\ColTab</Filter>
    </ClInclude>
    <ClInclude Include="COBBColTab.h">
      <Filter>00. View%28Workspace%29\Tab\ColTab</Filter>
    </ClInclude>
    <ClInclude Include="..\Code\ColliderScene.h">
      <Filter>02. Scene\02. ColliderScene</Filter>
    </ClInclude>
    <ClInclude Include="..\Code\Trigger.h">
      <Filter>04. Object\Trigger</Filter>
    </ClInclude>
  </ItemGroup>
  <ItemGroup>
    <ClCompile Include="MainFrm.cpp">
      <Filter>00. Frame</Filter>
    </ClCompile>
    <ClCompile Include="Tool_3DDoc.cpp">
      <Filter>00. Doc</Filter>
    </ClCompile>
    <ClCompile Include="Tool_3DView.cpp">
      <Filter>00. View%28Workspace%29</Filter>
    </ClCompile>
    <ClCompile Include="Tool_3D.cpp">
      <Filter>00. App</Filter>
    </ClCompile>
    <ClCompile Include="pch.cpp">
      <Filter>99. Default</Filter>
    </ClCompile>
    <ClCompile Include="..\Code\Tool3D_Kernel.cpp">
      <Filter>01. Tool3D_Kernel</Filter>
    </ClCompile>
    <ClCompile Include="..\Code\Terrain.cpp">
      <Filter>04. Object\Terrain</Filter>
    </ClCompile>
    <ClCompile Include="..\Code\DynamicCamera.cpp">
      <Filter>04. Object\DynamicCamera</Filter>
    </ClCompile>
    <ClCompile Include="..\Code\EditScene.cpp">
      <Filter>02. Scene\01. EditScene</Filter>
    </ClCompile>
    <ClCompile Include="..\Code\Loading.cpp">
      <Filter>02. Scene\00. LoadScene\Public</Filter>
    </ClCompile>
    <ClCompile Include="..\Code\LoadScene.cpp">
      <Filter>02. Scene\00. LoadScene</Filter>
    </ClCompile>
    <ClCompile Include="..\Code\CEmptyForm.cpp">
      <Filter>00. View%28Workspace%29\Form</Filter>
    </ClCompile>
    <ClCompile Include="..\Code\CForm.cpp">
      <Filter>00. View%28Workspace%29\Form</Filter>
    </ClCompile>
    <ClCompile Include="..\Code\CMeshPage.cpp">
      <Filter>00. View%28Workspace%29\Page</Filter>
    </ClCompile>
    <ClCompile Include="..\Code\CTerrainPage.cpp">
      <Filter>00. View%28Workspace%29\Page</Filter>
    </ClCompile>
    <ClCompile Include="..\Code\Sheet.cpp">
      <Filter>00. View%28Workspace%29\Sheet</Filter>
    </ClCompile>
    <ClCompile Include="..\Code\CTerrainTab.cpp">
      <Filter>00. View%28Workspace%29\Tab</Filter>
    </ClCompile>
    <ClCompile Include="..\Code\CTabForm.cpp">
      <Filter>00. View%28Workspace%29\Form</Filter>
    </ClCompile>
    <ClCompile Include="..\Code\CNaviMeshTab.cpp">
      <Filter>00. View%28Workspace%29\Tab</Filter>
    </ClCompile>
    <ClCompile Include="..\Code\PointObject.cpp">
      <Filter>04. Object\PointObject</Filter>
    </ClCompile>
    <ClCompile Include="..\Code\NaviMeshVtxCtrl.cpp">
      <Filter>04. Object\NaviMeshVtxCtrl</Filter>
    </ClCompile>
    <ClCompile Include="..\Code\CMapTab.cpp">
      <Filter>00. View%28Workspace%29\Tab</Filter>
    </ClCompile>
    <ClCompile Include="..\Code\InputMode_Navi.cpp">
      <Filter>03. InputProcessor</Filter>
    </ClCompile>
    <ClCompile Include="..\Code\NaviMeshInputProcessor.cpp">
      <Filter>04. Object\InputProcessor</Filter>
    </ClCompile>
    <ClCompile Include="..\Code\InputProcessor_Navi.cpp">
      <Filter>03. InputProcessor</Filter>
    </ClCompile>
    <ClCompile Include="..\Code\NaviMeshVtxMover.cpp">
      <Filter>04. Object\NaviMeshVtxMover</Filter>
    </ClCompile>
    <ClCompile Include="..\Code\InputProcessor_Terrain.cpp">
      <Filter>03. InputProcessor</Filter>
    </ClCompile>
    <ClCompile Include="..\Code\InputProcessor_Map.cpp">
      <Filter>03. InputProcessor</Filter>
    </ClCompile>
    <ClCompile Include="..\Code\StaticObject.cpp">
      <Filter>04. Object\StaticObject</Filter>
    </ClCompile>
    <ClCompile Include="..\Code\Gizmo.cpp">
      <Filter>04. Object\Gizmo</Filter>
    </ClCompile>
    <ClCompile Include="..\Code\NaviMesh.cpp">
      <Filter>04. Object\NaviMesh</Filter>
    </ClCompile>
    <ClCompile Include="..\Code\CColliderTab.cpp">
      <Filter>00. View%28Workspace%29\Tab</Filter>
    </ClCompile>
    <ClCompile Include="..\Code\InputProcessor_Collider.cpp">
      <Filter>03. InputProcessor</Filter>
    </ClCompile>
    <ClCompile Include="..\Code\DynamicObject.cpp">
      <Filter>04. Object\DynamicObject</Filter>
    </ClCompile>
    <ClCompile Include="CSphereColTab.cpp">
      <Filter>00. View%28Workspace%29\Tab\ColTab</Filter>
    </ClCompile>
    <ClCompile Include="CAABBColTab.cpp">
      <Filter>00. View%28Workspace%29\Tab\ColTab</Filter>
    </ClCompile>
    <ClCompile Include="COBBColTab.cpp">
      <Filter>00. View%28Workspace%29\Tab\ColTab</Filter>
    </ClCompile>
    <ClCompile Include="..\Code\ColliderScene.cpp">
      <Filter>02. Scene\02. ColliderScene</Filter>
    </ClCompile>
    <ClCompile Include="..\Code\Trigger.cpp">
      <Filter>04. Object\Trigger</Filter>
    </ClCompile>
  </ItemGroup>
  <ItemGroup>
    <ResourceCompile Include="Tool3D.rc">
      <Filter>리소스 파일</Filter>
    </ResourceCompile>
  </ItemGroup>
  <ItemGroup>
    <Image Include="res\Tool_3D.ico">
      <Filter>리소스 파일</Filter>
    </Image>
    <Image Include="res\Tool_3DDoc.ico">
      <Filter>리소스 파일</Filter>
    </Image>
    <Image Include="res\Toolbar.bmp">
      <Filter>리소스 파일</Filter>
    </Image>
  </ItemGroup>
  <ItemGroup>
    <None Include="res\Tool3D.rc2">
      <Filter>리소스 파일</Filter>
    </None>
  </ItemGroup>
</Project>