<?xml version="1.0" encoding="utf-8"?>
<Project ToolsVersion="4.0" xmlns="http://schemas.microsoft.com/developer/msbuild/2003">
  <ItemGroup>
    <Filter Include="00. Resources">
      <UniqueIdentifier>{17402d6e-ee47-4ac1-bd03-2bdef3abd002}</UniqueIdentifier>
    </Filter>
    <Filter Include="01. ResourcesMgr">
      <UniqueIdentifier>{1e3b277c-ba00-4141-995c-1429339a5b06}</UniqueIdentifier>
    </Filter>
    <Filter Include="99. Export">
      <UniqueIdentifier>{134a20fe-c05d-4274-8b34-6cb302f1a86f}</UniqueIdentifier>
    </Filter>
    <Filter Include="00. Resources\00. VIBuffer">
      <UniqueIdentifier>{a68675e0-8421-4ba0-82e5-4ce8ae897bfa}</UniqueIdentifier>
    </Filter>
    <Filter Include="00. Resources\00. VIBuffer\00. TriCol">
      <UniqueIdentifier>{cab2324c-26a3-437e-b094-b7b8c758bb77}</UniqueIdentifier>
    </Filter>
    <Filter Include="00. Resources\00. VIBuffer\01. RcCol">
      <UniqueIdentifier>{988c15fb-93ce-47f3-8ccc-f5b09d7da92a}</UniqueIdentifier>
    </Filter>
    <Filter Include="00. Resources\00. VIBuffer\02. RcTex">
      <UniqueIdentifier>{538d2439-0d9b-475f-9bcb-1e3674358b74}</UniqueIdentifier>
    </Filter>
    <Filter Include="00. Resources\01. Texture">
      <UniqueIdentifier>{f595b9fc-05cc-473d-ab78-234f2cbd23cb}</UniqueIdentifier>
    </Filter>
    <Filter Include="00. Resources\00. VIBuffer\04. CubeTex">
      <UniqueIdentifier>{0abe413e-cf7e-4826-8247-1038b38ab303}</UniqueIdentifier>
    </Filter>
    <Filter Include="00. Resources\00. VIBuffer\03. TerrainTex">
      <UniqueIdentifier>{634d4d44-45cf-456f-b23f-d3c7b1ab66fd}</UniqueIdentifier>
    </Filter>
    <Filter Include="00. Resources\02. Mesh">
      <UniqueIdentifier>{3d938690-6705-4ed6-9b92-79ef4ecf76e2}</UniqueIdentifier>
    </Filter>
    <Filter Include="00. Resources\02. Mesh\00. StaticMesh">
      <UniqueIdentifier>{59800114-ccba-4e34-867f-75b407ac95a4}</UniqueIdentifier>
    </Filter>
    <Filter Include="00. Resources\00. VIBuffer\05. SphereCol">
      <UniqueIdentifier>{83c0a717-a2d2-4dee-a34a-b4ba84c98311}</UniqueIdentifier>
    </Filter>
    <Filter Include="00. Resources\02. Mesh\01. DynamicMesh">
      <UniqueIdentifier>{19cd77ab-ce34-4759-a613-266f323ab66c}</UniqueIdentifier>
    </Filter>
    <Filter Include="00. Resources\02. Mesh\01. DynamicMesh\00. HierarchyLoader">
      <UniqueIdentifier>{abd34805-0337-42fe-8385-17167e11d625}</UniqueIdentifier>
    </Filter>
    <Filter Include="00. Resources\02. Mesh\01. DynamicMesh\01. AniCtrl">
      <UniqueIdentifier>{5625bc86-48b8-4874-a0d8-69ba5c082a34}</UniqueIdentifier>
    </Filter>
    <Filter Include="00. Resources\00. VIBuffer\06. ManualCol">
      <UniqueIdentifier>{8ea89dd2-0364-4551-95d6-6995df80562e}</UniqueIdentifier>
    </Filter>
  </ItemGroup>
  <ItemGroup>
    <ClInclude Include="..\..\Header\Export_Resouces.h">
      <Filter>99. Export</Filter>
    </ClInclude>
    <ClInclude Include="..\Code\ResourcesMgr.h">
      <Filter>01. ResourcesMgr</Filter>
    </ClInclude>
    <ClInclude Include="..\Code\Resources.h">
      <Filter>00. Resources</Filter>
    </ClInclude>
    <ClInclude Include="..\Code\TriCol.h">
      <Filter>00. Resources\00. VIBuffer\00. TriCol</Filter>
    </ClInclude>
    <ClInclude Include="..\Code\VIBuffer.h">
      <Filter>00. Resources\00. VIBuffer</Filter>
    </ClInclude>
    <ClInclude Include="..\Code\CRcCol.h">
      <Filter>00. Resources\00. VIBuffer\01. RcCol</Filter>
    </ClInclude>
    <ClInclude Include="..\Code\RcTex.h">
      <Filter>00. Resources\00. VIBuffer\02. RcTex</Filter>
    </ClInclude>
    <ClInclude Include="..\Code\Texture.h">
      <Filter>00. Resources\01. Texture</Filter>
    </ClInclude>
    <ClInclude Include="..\Code\TerrainTex.h">
      <Filter>00. Resources\00. VIBuffer\03. TerrainTex</Filter>
    </ClInclude>
    <ClInclude Include="..\Code\CubeTex.h">
      <Filter>00. Resources\00. VIBuffer\04. CubeTex</Filter>
    </ClInclude>
    <ClInclude Include="..\Code\Mesh.h">
      <Filter>00. Resources\02. Mesh</Filter>
    </ClInclude>
    <ClInclude Include="..\Code\StaticMesh.h">
      <Filter>00. Resources\02. Mesh\00. StaticMesh</Filter>
    </ClInclude>
    <ClInclude Include="..\Code\SphereCol.h">
      <Filter>00. Resources\00. VIBuffer\05. SphereCol</Filter>
    </ClInclude>
    <ClInclude Include="..\Code\AniCtrl.h">
      <Filter>00. Resources\02. Mesh\01. DynamicMesh\01. AniCtrl</Filter>
    </ClInclude>
    <ClInclude Include="..\Code\DynamicMesh.h">
      <Filter>00. Resources\02. Mesh\01. DynamicMesh</Filter>
    </ClInclude>
    <ClInclude Include="..\Code\HierarchyLoader.h">
      <Filter>00. Resources\02. Mesh\01. DynamicMesh\00. HierarchyLoader</Filter>
    </ClInclude>
    <ClInclude Include="..\Code\ManualCol.h">
      <Filter>00. Resources\00. VIBuffer\06. ManualCol</Filter>
    </ClInclude>
  </ItemGroup>
  <ItemGroup>
    <None Include="..\..\Header\Export_Resouces.inl">
      <Filter>99. Export</Filter>
    </None>
  </ItemGroup>
  <ItemGroup>
    <ClCompile Include="..\Code\ResourcesMgr.cpp">
      <Filter>01. ResourcesMgr</Filter>
    </ClCompile>
    <ClCompile Include="..\Code\Resources.cpp">
      <Filter>00. Resources</Filter>
    </ClCompile>
    <ClCompile Include="..\Code\TriCol.cpp">
      <Filter>00. Resources\00. VIBuffer\00. TriCol</Filter>
    </ClCompile>
    <ClCompile Include="..\Code\VIBuffer.cpp">
      <Filter>00. Resources\00. VIBuffer</Filter>
    </ClCompile>
    <ClCompile Include="..\Code\CRcCol.cpp">
      <Filter>00. Resources\00. VIBuffer\01. RcCol</Filter>
    </ClCompile>
    <ClCompile Include="..\Code\RcTex.cpp">
      <Filter>00. Resources\00. VIBuffer\02. RcTex</Filter>
    </ClCompile>
    <ClCompile Include="..\Code\Texture.cpp">
      <Filter>00. Resources\01. Texture</Filter>
    </ClCompile>
    <ClCompile Include="..\Code\TerrainTex.cpp">
      <Filter>00. Resources\00. VIBuffer\03. TerrainTex</Filter>
    </ClCompile>
    <ClCompile Include="..\Code\CubeTex.cpp">
      <Filter>00. Resources\00. VIBuffer\04. CubeTex</Filter>
    </ClCompile>
    <ClCompile Include="..\Code\Mesh.cpp">
      <Filter>00. Resources\02. Mesh</Filter>
    </ClCompile>
    <ClCompile Include="..\Code\StaticMesh.cpp">
      <Filter>00. Resources\02. Mesh\00. StaticMesh</Filter>
    </ClCompile>
    <ClCompile Include="..\Code\SphereCol.cpp">
      <Filter>00. Resources\00. VIBuffer\05. SphereCol</Filter>
    </ClCompile>
    <ClCompile Include="..\Code\AniCtrl.cpp">
      <Filter>00. Resources\02. Mesh\01. DynamicMesh\01. AniCtrl</Filter>
    </ClCompile>
    <ClCompile Include="..\Code\DynamicMesh.cpp">
      <Filter>00. Resources\02. Mesh\01. DynamicMesh</Filter>
    </ClCompile>
    <ClCompile Include="..\Code\HierarchyLoader.cpp">
      <Filter>00. Resources\02. Mesh\01. DynamicMesh\00. HierarchyLoader</Filter>
    </ClCompile>
    <ClCompile Include="..\Code\ManualCol.cpp">
      <Filter>00. Resources\00. VIBuffer\06. ManualCol</Filter>
    </ClCompile>
  </ItemGroup>
</Project>