<?xml version="1.0" encoding="utf-8"?>
<Project ToolsVersion="4.0" xmlns="http://schemas.microsoft.com/developer/msbuild/2003">
  <ItemGroup>
    <Filter Include="00. Management">
      <UniqueIdentifier>{40d52a8a-6132-4a89-aa3c-5cad4e5cbf40}</UniqueIdentifier>
    </Filter>
    <Filter Include="99. Export">
      <UniqueIdentifier>{b041585e-c687-489e-b10b-5eed9de150d4}</UniqueIdentifier>
    </Filter>
    <Filter Include="04. Component">
      <UniqueIdentifier>{9f866eed-9b6e-44ef-8908-ffb0c4ac1778}</UniqueIdentifier>
    </Filter>
    <Filter Include="01. Scene">
      <UniqueIdentifier>{06d89463-04ad-4703-be07-05a33d89a4c8}</UniqueIdentifier>
    </Filter>
    <Filter Include="02. Layer">
      <UniqueIdentifier>{673401ec-cf05-4fa6-a71e-0c707e42eca6}</UniqueIdentifier>
    </Filter>
    <Filter Include="03. GameObject">
      <UniqueIdentifier>{f6d8fe00-eaa8-4e4d-996e-ab8ad6f87f45}</UniqueIdentifier>
    </Filter>
    <Filter Include="03. GameObject\Camera">
      <UniqueIdentifier>{484679ae-2fc2-4f97-b660-b0505f4c5b92}</UniqueIdentifier>
    </Filter>
    <Filter Include="04. Component\01. Renderer">
      <UniqueIdentifier>{484376b2-6b94-4461-aac2-b2634aca9fb6}</UniqueIdentifier>
    </Filter>
    <Filter Include="04. Component\00. Transform">
      <UniqueIdentifier>{e5e203d4-fe85-4a99-8417-7c096136dd15}</UniqueIdentifier>
    </Filter>
    <Filter Include="04. Component\02. Collider">
      <UniqueIdentifier>{8459c5bd-bcf3-4ed9-b1a4-1b0b53775625}</UniqueIdentifier>
    </Filter>
    <Filter Include="04. Component\02. Collider\00. SphereCollider">
      <UniqueIdentifier>{6e0504be-0545-46a6-bebe-2c0f37958951}</UniqueIdentifier>
    </Filter>
    <Filter Include="04. Component\03. Physics">
      <UniqueIdentifier>{987c246f-e407-4581-8cc9-49c93d70a7b9}</UniqueIdentifier>
    </Filter>
    <Filter Include="04. Component\02. Collider\01. MeshCollider">
      <UniqueIdentifier>{9dea5d7c-3ee4-4538-96ae-551aa5257a91}</UniqueIdentifier>
    </Filter>
    <Filter Include="98. Manager">
      <UniqueIdentifier>{44108967-497d-4acf-991d-f9bfd7f48a5b}</UniqueIdentifier>
    </Filter>
    <Filter Include="98. Manager\00. KeyMgr">
      <UniqueIdentifier>{8227eef7-f7be-4d87-98cc-42585e584984}</UniqueIdentifier>
    </Filter>
    <Filter Include="98. Manager\02. ProtoMgr">
      <UniqueIdentifier>{cc9bfcd9-9e65-47fa-8420-39eee0aa097d}</UniqueIdentifier>
    </Filter>
    <Filter Include="98. Manager\01. SceneMgr">
      <UniqueIdentifier>{abde659e-8343-48b5-940f-a9d99fea1b95}</UniqueIdentifier>
    </Filter>
    <Filter Include="05. InputMode">
      <UniqueIdentifier>{9fe0f35d-6972-46c5-bc30-cb7df8ceed77}</UniqueIdentifier>
    </Filter>
    <Filter Include="98. Manager\03. InputModeMgr">
      <UniqueIdentifier>{99d2baa9-153f-4324-b9db-50a20d3a2b81}</UniqueIdentifier>
    </Filter>
    <Filter Include="04. Component\04.Optimization">
      <UniqueIdentifier>{5d7d7d62-c995-43bc-9803-e07783dafd6c}</UniqueIdentifier>
    </Filter>
    <Filter Include="04. Component\04.Optimization\00. Frustum">
      <UniqueIdentifier>{46968657-01cb-48fb-b8f4-35e17cb102aa}</UniqueIdentifier>
    </Filter>
    <Filter Include="04. Component\01. Renderer\00. BaseRenderer">
      <UniqueIdentifier>{f00983d1-977f-4aa0-aec4-ea96562e5636}</UniqueIdentifier>
    </Filter>
    <Filter Include="04. Component\01. Renderer\01. MeshRenderer">
      <UniqueIdentifier>{9b784f84-aa9a-48de-be14-147ea49a3597}</UniqueIdentifier>
    </Filter>
  </ItemGroup>
  <ItemGroup>
    <ClInclude Include="..\..\Header\Export_Utility.h">
      <Filter>99. Export</Filter>
    </ClInclude>
    <ClInclude Include="..\Code\CScene.h">
      <Filter>01. Scene</Filter>
    </ClInclude>
    <ClInclude Include="..\Code\CSceneMgr.h">
      <Filter>98. Manager\01. SceneMgr</Filter>
    </ClInclude>
    <ClInclude Include="..\Code\Component.h">
      <Filter>04. Component</Filter>
    </ClInclude>
    <ClInclude Include="..\Code\Layer.h">
      <Filter>02. Layer</Filter>
    </ClInclude>
    <ClInclude Include="..\Code\ProtoMgr.h">
      <Filter>98. Manager\02. ProtoMgr</Filter>
    </ClInclude>
    <ClInclude Include="..\Code\Management.h">
      <Filter>00. Management</Filter>
    </ClInclude>
    <ClInclude Include="..\Code\KeyMgr.h">
      <Filter>98. Manager\00. KeyMgr</Filter>
    </ClInclude>
    <ClInclude Include="..\Code\GameObject.h">
      <Filter>03. GameObject</Filter>
    </ClInclude>
    <ClInclude Include="..\Code\Camera.h">
      <Filter>03. GameObject\Camera</Filter>
    </ClInclude>
    <ClInclude Include="..\Code\Renderer.h">
      <Filter>04. Component\01. Renderer</Filter>
    </ClInclude>
    <ClInclude Include="..\Code\Transform.h">
      <Filter>04. Component\00. Transform</Filter>
    </ClInclude>
    <ClInclude Include="..\Code\SphereCollider.h">
      <Filter>04. Component\02. Collider\00. SphereCollider</Filter>
    </ClInclude>
    <ClInclude Include="..\Code\Physics.h">
      <Filter>04. Component\03. Physics</Filter>
    </ClInclude>
    <ClInclude Include="..\Code\MeshCollider.h">
      <Filter>04. Component\02. Collider\01. MeshCollider</Filter>
    </ClInclude>
    <ClInclude Include="..\Code\InputMode.h">
      <Filter>05. InputMode</Filter>
    </ClInclude>
    <ClInclude Include="..\Code\InputModeMgr.h">
      <Filter>98. Manager\03. InputModeMgr</Filter>
    </ClInclude>
    <ClInclude Include="..\Code\Optimization.h">
      <Filter>04. Component\04.Optimization</Filter>
    </ClInclude>
    <ClInclude Include="..\Code\Frustum.h">
      <Filter>04. Component\04.Optimization\00. Frustum</Filter>
    </ClInclude>
    <ClInclude Include="..\Code\MeshRenderer.h">
      <Filter>04. Component\01. Renderer\01. MeshRenderer</Filter>
    </ClInclude>
    <ClInclude Include="..\Code\BaseRenderer.h">
      <Filter>04. Component\01. Renderer\00. BaseRenderer</Filter>
    </ClInclude>
  </ItemGroup>
  <ItemGroup>
    <ClCompile Include="..\Code\CScene.cpp">
      <Filter>01. Scene</Filter>
    </ClCompile>
    <ClCompile Include="..\Code\CSceneMgr.cpp">
      <Filter>98. Manager\01. SceneMgr</Filter>
    </ClCompile>
    <ClCompile Include="..\Code\Component.cpp">
      <Filter>04. Component</Filter>
    </ClCompile>
    <ClCompile Include="..\Code\Layer.cpp">
      <Filter>02. Layer</Filter>
    </ClCompile>
    <ClCompile Include="..\Code\ProtoMgr.cpp">
      <Filter>98. Manager\02. ProtoMgr</Filter>
    </ClCompile>
    <ClCompile Include="..\Code\Management.cpp">
      <Filter>00. Management</Filter>
    </ClCompile>
    <ClCompile Include="..\Code\KeyMgr.cpp">
      <Filter>98. Manager\00. KeyMgr</Filter>
    </ClCompile>
    <ClCompile Include="..\Code\GameObject.cpp">
      <Filter>03. GameObject</Filter>
    </ClCompile>
    <ClCompile Include="..\Code\Camera.cpp">
      <Filter>03. GameObject\Camera</Filter>
    </ClCompile>
    <ClCompile Include="..\Code\Renderer.cpp">
      <Filter>04. Component\01. Renderer</Filter>
    </ClCompile>
    <ClCompile Include="..\Code\Transform.cpp">
      <Filter>04. Component\00. Transform</Filter>
    </ClCompile>
    <ClCompile Include="..\Code\SphereCollider.cpp">
      <Filter>04. Component\02. Collider\00. SphereCollider</Filter>
    </ClCompile>
    <ClCompile Include="..\Code\Physics.cpp">
      <Filter>04. Component\03. Physics</Filter>
    </ClCompile>
    <ClCompile Include="..\Code\MeshCollider.cpp">
      <Filter>04. Component\02. Collider\01. MeshCollider</Filter>
    </ClCompile>
    <ClCompile Include="..\Code\InputMode.cpp">
      <Filter>05. InputMode</Filter>
    </ClCompile>
    <ClCompile Include="..\Code\InputModeMgr.cpp">
      <Filter>98. Manager\03. InputModeMgr</Filter>
    </ClCompile>
    <ClCompile Include="..\Code\Optimization.cpp">
      <Filter>04. Component\04.Optimization</Filter>
    </ClCompile>
    <ClCompile Include="..\Code\Frustum.cpp">
      <Filter>04. Component\04.Optimization\00. Frustum</Filter>
    </ClCompile>
    <ClCompile Include="..\Code\MeshRenderer.cpp">
      <Filter>04. Component\01. Renderer\01. MeshRenderer</Filter>
    </ClCompile>
    <ClCompile Include="..\Code\BaseRenderer.cpp">
      <Filter>04. Component\01. Renderer\00. BaseRenderer</Filter>
    </ClCompile>
  </ItemGroup>
  <ItemGroup>
    <None Include="..\..\Header\Export_Utility.inl">
      <Filter>99. Export</Filter>
    </None>
  </ItemGroup>
</Project>